// !$*UTF8*$!
{
	archiveVersion = 1;
	classes = {
	};
	objectVersion = 52;
	objects = {

/* Begin PBXBuildFile section */
		2C2E922D251D9EEB008F635A /* TableCell.swift in Sources */ = {isa = PBXBuildFile; fileRef = 2C2E922C251D9EEB008F635A /* TableCell.swift */; };
		2C6077F02515CF5A00B50BC8 /* Constant.swift in Sources */ = {isa = PBXBuildFile; fileRef = 2C6077EF2515CF5A00B50BC8 /* Constant.swift */; };
		2C6077F42515DA6100B50BC8 /* Tokens.swift in Sources */ = {isa = PBXBuildFile; fileRef = 2C6077F32515DA6100B50BC8 /* Tokens.swift */; };
		2C7552322510775200D8238C /* AppDelegate.swift in Sources */ = {isa = PBXBuildFile; fileRef = 2C7552312510775200D8238C /* AppDelegate.swift */; };
		2C7552342510775200D8238C /* SceneDelegate.swift in Sources */ = {isa = PBXBuildFile; fileRef = 2C7552332510775200D8238C /* SceneDelegate.swift */; };
		2C7552362510775200D8238C /* ViewController.swift in Sources */ = {isa = PBXBuildFile; fileRef = 2C7552352510775200D8238C /* ViewController.swift */; };
		2C7552392510775200D8238C /* Main.storyboard in Resources */ = {isa = PBXBuildFile; fileRef = 2C7552372510775200D8238C /* Main.storyboard */; };
		2C75523B2510775400D8238C /* Assets.xcassets in Resources */ = {isa = PBXBuildFile; fileRef = 2C75523A2510775400D8238C /* Assets.xcassets */; };
		2C75523E2510775400D8238C /* LaunchScreen.storyboard in Resources */ = {isa = PBXBuildFile; fileRef = 2C75523C2510775400D8238C /* LaunchScreen.storyboard */; };
		2C7F0AC62512DA7B004195CD /* Top50ViewController.swift in Sources */ = {isa = PBXBuildFile; fileRef = 2C7F0AC52512DA7B004195CD /* Top50ViewController.swift */; };
		2C80F8EB2512E1E60057A05A /* README.md in Resources */ = {isa = PBXBuildFile; fileRef = 2C80F8EA2512E1E60057A05A /* README.md */; };
		2C80F8F0251319210057A05A /* ExpiredToken.swift in Sources */ = {isa = PBXBuildFile; fileRef = 2C80F8EF251319210057A05A /* ExpiredToken.swift */; };
		2C80F8F3251322530057A05A /* UserModel.swift in Sources */ = {isa = PBXBuildFile; fileRef = 2C80F8F2251322530057A05A /* UserModel.swift */; };
		2C80F8F5251332580057A05A /* Playlist.swift in Sources */ = {isa = PBXBuildFile; fileRef = 2C80F8F4251332580057A05A /* Playlist.swift */; };
		2CAFA4972521935C00C5919F /* PlaylistTableVC.swift in Sources */ = {isa = PBXBuildFile; fileRef = 2CAFA4962521935C00C5919F /* PlaylistTableVC.swift */; };
		2CBEFF78251DB051000DDBD1 /* Kingfisher in Frameworks */ = {isa = PBXBuildFile; productRef = 2CBEFF77251DB051000DDBD1 /* Kingfisher */; };
		2CBEFF7C251DBCE0000DDBD1 /* ArtistTopTracksVC.swift in Sources */ = {isa = PBXBuildFile; fileRef = 2CBEFF7B251DBCE0000DDBD1 /* ArtistTopTracksVC.swift */; };
		2CBEFF7E251DC16A000DDBD1 /* ArtistTopTracks.swift in Sources */ = {isa = PBXBuildFile; fileRef = 2CBEFF7D251DC16A000DDBD1 /* ArtistTopTracks.swift */; };
		2CC479C82513D73100203F42 /* UserTopArtists.swift in Sources */ = {isa = PBXBuildFile; fileRef = 2CC479C72513D73100203F42 /* UserTopArtists.swift */; };
		2CC479CA2513D93200203F42 /* UserTopTracks.swift in Sources */ = {isa = PBXBuildFile; fileRef = 2CC479C92513D93200203F42 /* UserTopTracks.swift */; };
		2CF85E4B251AF4490054E856 /* RequestBuilder.swift in Sources */ = {isa = PBXBuildFile; fileRef = 2CF85E4A251AF4490054E856 /* RequestBuilder.swift */; };
		2CF85E4D251AF46A0054E856 /* Request.swift in Sources */ = {isa = PBXBuildFile; fileRef = 2CF85E4C251AF46A0054E856 /* Request.swift */; };
		2CF85E4F251AF7FA0054E856 /* Model.swift in Sources */ = {isa = PBXBuildFile; fileRef = 2CF85E4E251AF7FA0054E856 /* Model.swift */; };
		2CF85E52251AF9650054E856 /* APIClient.swift in Sources */ = {isa = PBXBuildFile; fileRef = 2CF85E51251AF9650054E856 /* APIClient.swift */; };
		2CF85E54251AFE8F0054E856 /* Header.swift in Sources */ = {isa = PBXBuildFile; fileRef = 2CF85E53251AFE8F0054E856 /* Header.swift */; };
		2CF85E58251B02350054E856 /* EndingPath.swift in Sources */ = {isa = PBXBuildFile; fileRef = 2CF85E57251B02350054E856 /* EndingPath.swift */; };
		2CF85E5A251B02820054E856 /* SpotifyBaseURL.swift in Sources */ = {isa = PBXBuildFile; fileRef = 2CF85E59251B02820054E856 /* SpotifyBaseURL.swift */; };
		2CF85E5D251B069B0054E856 /* SpotifyType.swift in Sources */ = {isa = PBXBuildFile; fileRef = 2CF85E5C251B069B0054E856 /* SpotifyType.swift */; };
		2CF85E5F251B160F0054E856 /* Parameters.swift in Sources */ = {isa = PBXBuildFile; fileRef = 2CF85E5E251B160F0054E856 /* Parameters.swift */; };
/* End PBXBuildFile section */

/* Begin PBXFileReference section */
		2C2E922C251D9EEB008F635A /* TableCell.swift */ = {isa = PBXFileReference; lastKnownFileType = sourcecode.swift; path = TableCell.swift; sourceTree = "<group>"; };
		2C6077EF2515CF5A00B50BC8 /* Constant.swift */ = {isa = PBXFileReference; lastKnownFileType = sourcecode.swift; path = Constant.swift; sourceTree = "<group>"; };
		2C6077F32515DA6100B50BC8 /* Tokens.swift */ = {isa = PBXFileReference; lastKnownFileType = sourcecode.swift; path = Tokens.swift; sourceTree = "<group>"; };
		2C75522E2510775200D8238C /* SpotiFav.app */ = {isa = PBXFileReference; explicitFileType = wrapper.application; includeInIndex = 0; path = SpotiFav.app; sourceTree = BUILT_PRODUCTS_DIR; };
		2C7552312510775200D8238C /* AppDelegate.swift */ = {isa = PBXFileReference; lastKnownFileType = sourcecode.swift; path = AppDelegate.swift; sourceTree = "<group>"; };
		2C7552332510775200D8238C /* SceneDelegate.swift */ = {isa = PBXFileReference; lastKnownFileType = sourcecode.swift; path = SceneDelegate.swift; sourceTree = "<group>"; };
		2C7552352510775200D8238C /* ViewController.swift */ = {isa = PBXFileReference; lastKnownFileType = sourcecode.swift; path = ViewController.swift; sourceTree = "<group>"; };
		2C7552382510775200D8238C /* Base */ = {isa = PBXFileReference; lastKnownFileType = file.storyboard; name = Base; path = Base.lproj/Main.storyboard; sourceTree = "<group>"; };
		2C75523A2510775400D8238C /* Assets.xcassets */ = {isa = PBXFileReference; lastKnownFileType = folder.assetcatalog; path = Assets.xcassets; sourceTree = "<group>"; };
		2C75523D2510775400D8238C /* Base */ = {isa = PBXFileReference; lastKnownFileType = file.storyboard; name = Base; path = Base.lproj/LaunchScreen.storyboard; sourceTree = "<group>"; };
		2C75523F2510775400D8238C /* Info.plist */ = {isa = PBXFileReference; lastKnownFileType = text.plist.xml; path = Info.plist; sourceTree = "<group>"; };
		2C7F0AC52512DA7B004195CD /* Top50ViewController.swift */ = {isa = PBXFileReference; lastKnownFileType = sourcecode.swift; path = Top50ViewController.swift; sourceTree = "<group>"; };
		2C80F8EA2512E1E60057A05A /* README.md */ = {isa = PBXFileReference; fileEncoding = 4; lastKnownFileType = net.daringfireball.markdown; path = README.md; sourceTree = "<group>"; };
		2C80F8EF251319210057A05A /* ExpiredToken.swift */ = {isa = PBXFileReference; lastKnownFileType = sourcecode.swift; path = ExpiredToken.swift; sourceTree = "<group>"; };
		2C80F8F2251322530057A05A /* UserModel.swift */ = {isa = PBXFileReference; lastKnownFileType = sourcecode.swift; path = UserModel.swift; sourceTree = "<group>"; };
		2C80F8F4251332580057A05A /* Playlist.swift */ = {isa = PBXFileReference; lastKnownFileType = sourcecode.swift; path = Playlist.swift; sourceTree = "<group>"; };
		2CAFA4962521935C00C5919F /* PlaylistTableVC.swift */ = {isa = PBXFileReference; lastKnownFileType = sourcecode.swift; path = PlaylistTableVC.swift; sourceTree = "<group>"; };
		2CBEFF7B251DBCE0000DDBD1 /* ArtistTopTracksVC.swift */ = {isa = PBXFileReference; lastKnownFileType = sourcecode.swift; path = ArtistTopTracksVC.swift; sourceTree = "<group>"; };
		2CBEFF7D251DC16A000DDBD1 /* ArtistTopTracks.swift */ = {isa = PBXFileReference; lastKnownFileType = sourcecode.swift; path = ArtistTopTracks.swift; sourceTree = "<group>"; };
		2CC479C72513D73100203F42 /* UserTopArtists.swift */ = {isa = PBXFileReference; lastKnownFileType = sourcecode.swift; path = UserTopArtists.swift; sourceTree = "<group>"; };
		2CC479C92513D93200203F42 /* UserTopTracks.swift */ = {isa = PBXFileReference; lastKnownFileType = sourcecode.swift; path = UserTopTracks.swift; sourceTree = "<group>"; };
		2CF85E4A251AF4490054E856 /* RequestBuilder.swift */ = {isa = PBXFileReference; lastKnownFileType = sourcecode.swift; path = RequestBuilder.swift; sourceTree = "<group>"; };
		2CF85E4C251AF46A0054E856 /* Request.swift */ = {isa = PBXFileReference; lastKnownFileType = sourcecode.swift; path = Request.swift; sourceTree = "<group>"; };
		2CF85E4E251AF7FA0054E856 /* Model.swift */ = {isa = PBXFileReference; lastKnownFileType = sourcecode.swift; path = Model.swift; sourceTree = "<group>"; };
		2CF85E51251AF9650054E856 /* APIClient.swift */ = {isa = PBXFileReference; lastKnownFileType = sourcecode.swift; path = APIClient.swift; sourceTree = "<group>"; };
		2CF85E53251AFE8F0054E856 /* Header.swift */ = {isa = PBXFileReference; lastKnownFileType = sourcecode.swift; path = Header.swift; sourceTree = "<group>"; };
		2CF85E57251B02350054E856 /* EndingPath.swift */ = {isa = PBXFileReference; lastKnownFileType = sourcecode.swift; path = EndingPath.swift; sourceTree = "<group>"; };
		2CF85E59251B02820054E856 /* SpotifyBaseURL.swift */ = {isa = PBXFileReference; lastKnownFileType = sourcecode.swift; path = SpotifyBaseURL.swift; sourceTree = "<group>"; };
		2CF85E5C251B069B0054E856 /* SpotifyType.swift */ = {isa = PBXFileReference; lastKnownFileType = sourcecode.swift; path = SpotifyType.swift; sourceTree = "<group>"; };
		2CF85E5E251B160F0054E856 /* Parameters.swift */ = {isa = PBXFileReference; lastKnownFileType = sourcecode.swift; path = Parameters.swift; sourceTree = "<group>"; };
/* End PBXFileReference section */

/* Begin PBXFrameworksBuildPhase section */
		2C75522B2510775200D8238C /* Frameworks */ = {
			isa = PBXFrameworksBuildPhase;
			buildActionMask = 2147483647;
			files = (
				2CBEFF78251DB051000DDBD1 /* Kingfisher in Frameworks */,
			);
			runOnlyForDeploymentPostprocessing = 0;
		};
/* End PBXFrameworksBuildPhase section */

/* Begin PBXGroup section */
		2C2E922E251D9EEF008F635A /* View */ = {
			isa = PBXGroup;
			children = (
				2C2E922C251D9EEB008F635A /* TableCell.swift */,
			);
			path = View;
			sourceTree = "<group>";
		};
		2C7552252510775200D8238C = {
			isa = PBXGroup;
			children = (
				2C80F8EA2512E1E60057A05A /* README.md */,
				2C7552302510775200D8238C /* SpotiFav */,
				2C75522F2510775200D8238C /* Products */,
			);
			sourceTree = "<group>";
		};
		2C75522F2510775200D8238C /* Products */ = {
			isa = PBXGroup;
			children = (
				2C75522E2510775200D8238C /* SpotiFav.app */,
			);
			name = Products;
			sourceTree = "<group>";
		};
		2C7552302510775200D8238C /* SpotiFav */ = {
			isa = PBXGroup;
			children = (
				2C7552312510775200D8238C /* AppDelegate.swift */,
				2C7552332510775200D8238C /* SceneDelegate.swift */,
				2C6077EF2515CF5A00B50BC8 /* Constant.swift */,
				2C2E922E251D9EEF008F635A /* View */,
				2C80F8EC251318E80057A05A /* Controllers */,
				2C80F8EE251319140057A05A /* Network */,
				2C80F8ED251318FF0057A05A /* Views */,
				2C75523A2510775400D8238C /* Assets.xcassets */,
				2C75523C2510775400D8238C /* LaunchScreen.storyboard */,
				2C75523F2510775400D8238C /* Info.plist */,
			);
			path = SpotiFav;
			sourceTree = "<group>";
		};
		2C80F8EC251318E80057A05A /* Controllers */ = {
			isa = PBXGroup;
			children = (
				2C7F0AC52512DA7B004195CD /* Top50ViewController.swift */,
				2C7552352510775200D8238C /* ViewController.swift */,
				2CBEFF7B251DBCE0000DDBD1 /* ArtistTopTracksVC.swift */,
				2CAFA4962521935C00C5919F /* PlaylistTableVC.swift */,
			);
			path = Controllers;
			sourceTree = "<group>";
		};
		2C80F8ED251318FF0057A05A /* Views */ = {
			isa = PBXGroup;
			children = (
				2C7552372510775200D8238C /* Main.storyboard */,
			);
			path = Views;
			sourceTree = "<group>";
		};
		2C80F8EE251319140057A05A /* Network */ = {
			isa = PBXGroup;
			children = (
				2CF85E4A251AF4490054E856 /* RequestBuilder.swift */,
				2CF85E53251AFE8F0054E856 /* Header.swift */,
				2CF85E57251B02350054E856 /* EndingPath.swift */,
				2CF85E5E251B160F0054E856 /* Parameters.swift */,
				2CF85E59251B02820054E856 /* SpotifyBaseURL.swift */,
				2CF85E4C251AF46A0054E856 /* Request.swift */,
				2CF85E51251AF9650054E856 /* APIClient.swift */,
				2C80F8F1251319310057A05A /* Network Models */,
				2CF85E5B251B06800054E856 /* Model */,
			);
			path = Network;
			sourceTree = "<group>";
		};
		2C80F8F1251319310057A05A /* Network Models */ = {
			isa = PBXGroup;
			children = (
				2C80F8EF251319210057A05A /* ExpiredToken.swift */,
				2C80F8F2251322530057A05A /* UserModel.swift */,
				2C80F8F4251332580057A05A /* Playlist.swift */,
				2CBEFF7D251DC16A000DDBD1 /* ArtistTopTracks.swift */,
				2CC479C72513D73100203F42 /* UserTopArtists.swift */,
				2CC479C92513D93200203F42 /* UserTopTracks.swift */,
				2C6077F32515DA6100B50BC8 /* Tokens.swift */,
			);
			path = "Network Models";
			sourceTree = "<group>";
		};
		2CF85E5B251B06800054E856 /* Model */ = {
			isa = PBXGroup;
			children = (
				2CF85E4E251AF7FA0054E856 /* Model.swift */,
				2CF85E5C251B069B0054E856 /* SpotifyType.swift */,
			);
			path = Model;
			sourceTree = "<group>";
		};
/* End PBXGroup section */

/* Begin PBXNativeTarget section */
		2C75522D2510775200D8238C /* SpotiFav */ = {
			isa = PBXNativeTarget;
			buildConfigurationList = 2C7552422510775400D8238C /* Build configuration list for PBXNativeTarget "SpotiFav" */;
			buildPhases = (
				2C75522A2510775200D8238C /* Sources */,
				2C75522B2510775200D8238C /* Frameworks */,
				2C75522C2510775200D8238C /* Resources */,
			);
			buildRules = (
			);
			dependencies = (
			);
			name = SpotiFav;
			packageProductDependencies = (
				2CBEFF77251DB051000DDBD1 /* Kingfisher */,
			);
			productName = SpotiFav;
			productReference = 2C75522E2510775200D8238C /* SpotiFav.app */;
			productType = "com.apple.product-type.application";
		};
/* End PBXNativeTarget section */

/* Begin PBXProject section */
		2C7552262510775200D8238C /* Project object */ = {
			isa = PBXProject;
			attributes = {
				LastSwiftUpdateCheck = 1160;
				LastUpgradeCheck = 1160;
				ORGANIZATIONNAME = Cao;
				TargetAttributes = {
					2C75522D2510775200D8238C = {
						CreatedOnToolsVersion = 11.6;
					};
				};
			};
			buildConfigurationList = 2C7552292510775200D8238C /* Build configuration list for PBXProject "SpotiFav" */;
			compatibilityVersion = "Xcode 9.3";
			developmentRegion = en;
			hasScannedForEncodings = 0;
			knownRegions = (
				en,
				Base,
			);
			mainGroup = 2C7552252510775200D8238C;
			packageReferences = (
				2CBEFF76251DB051000DDBD1 /* XCRemoteSwiftPackageReference "Kingfisher" */,
			);
			productRefGroup = 2C75522F2510775200D8238C /* Products */;
			projectDirPath = "";
			projectRoot = "";
			targets = (
				2C75522D2510775200D8238C /* SpotiFav */,
			);
		};
/* End PBXProject section */

/* Begin PBXResourcesBuildPhase section */
		2C75522C2510775200D8238C /* Resources */ = {
			isa = PBXResourcesBuildPhase;
			buildActionMask = 2147483647;
			files = (
				2C75523E2510775400D8238C /* LaunchScreen.storyboard in Resources */,
				2C75523B2510775400D8238C /* Assets.xcassets in Resources */,
				2C80F8EB2512E1E60057A05A /* README.md in Resources */,
				2C7552392510775200D8238C /* Main.storyboard in Resources */,
			);
			runOnlyForDeploymentPostprocessing = 0;
		};
/* End PBXResourcesBuildPhase section */

/* Begin PBXSourcesBuildPhase section */
		2C75522A2510775200D8238C /* Sources */ = {
			isa = PBXSourcesBuildPhase;
			buildActionMask = 2147483647;
			files = (
				2CF85E54251AFE8F0054E856 /* Header.swift in Sources */,
				2CF85E4B251AF4490054E856 /* RequestBuilder.swift in Sources */,
				2CF85E4D251AF46A0054E856 /* Request.swift in Sources */,
				2C7552362510775200D8238C /* ViewController.swift in Sources */,
				2C6077F42515DA6100B50BC8 /* Tokens.swift in Sources */,
				2C80F8F3251322530057A05A /* UserModel.swift in Sources */,
				2CC479C82513D73100203F42 /* UserTopArtists.swift in Sources */,
				2CF85E5F251B160F0054E856 /* Parameters.swift in Sources */,
				2C80F8F0251319210057A05A /* ExpiredToken.swift in Sources */,
				2CBEFF7C251DBCE0000DDBD1 /* ArtistTopTracksVC.swift in Sources */,
				2CF85E52251AF9650054E856 /* APIClient.swift in Sources */,
				2CAFA4972521935C00C5919F /* PlaylistTableVC.swift in Sources */,
				2CF85E5D251B069B0054E856 /* SpotifyType.swift in Sources */,
				2C7552322510775200D8238C /* AppDelegate.swift in Sources */,
				2CF85E4F251AF7FA0054E856 /* Model.swift in Sources */,
				2C7552342510775200D8238C /* SceneDelegate.swift in Sources */,
				2CF85E5A251B02820054E856 /* SpotifyBaseURL.swift in Sources */,
				2CC479CA2513D93200203F42 /* UserTopTracks.swift in Sources */,
				2C2E922D251D9EEB008F635A /* TableCell.swift in Sources */,
				2C7F0AC62512DA7B004195CD /* Top50ViewController.swift in Sources */,
				2CF85E58251B02350054E856 /* EndingPath.swift in Sources */,
				2C80F8F5251332580057A05A /* Playlist.swift in Sources */,
				2CBEFF7E251DC16A000DDBD1 /* ArtistTopTracks.swift in Sources */,
				2C6077F02515CF5A00B50BC8 /* Constant.swift in Sources */,
			);
			runOnlyForDeploymentPostprocessing = 0;
		};
/* End PBXSourcesBuildPhase section */

/* Begin PBXVariantGroup section */
		2C7552372510775200D8238C /* Main.storyboard */ = {
			isa = PBXVariantGroup;
			children = (
				2C7552382510775200D8238C /* Base */,
			);
			name = Main.storyboard;
			sourceTree = "<group>";
		};
		2C75523C2510775400D8238C /* LaunchScreen.storyboard */ = {
			isa = PBXVariantGroup;
			children = (
				2C75523D2510775400D8238C /* Base */,
			);
			name = LaunchScreen.storyboard;
			sourceTree = "<group>";
		};
/* End PBXVariantGroup section */

/* Begin XCBuildConfiguration section */
		2C7552402510775400D8238C /* Debug */ = {
			isa = XCBuildConfiguration;
			buildSettings = {
				ALWAYS_SEARCH_USER_PATHS = NO;
				CLANG_ANALYZER_NONNULL = YES;
				CLANG_ANALYZER_NUMBER_OBJECT_CONVERSION = YES_AGGRESSIVE;
				CLANG_CXX_LANGUAGE_STANDARD = "gnu++14";
				CLANG_CXX_LIBRARY = "libc++";
				CLANG_ENABLE_MODULES = YES;
				CLANG_ENABLE_OBJC_ARC = YES;
				CLANG_ENABLE_OBJC_WEAK = YES;
				CLANG_WARN_BLOCK_CAPTURE_AUTORELEASING = YES;
				CLANG_WARN_BOOL_CONVERSION = YES;
				CLANG_WARN_COMMA = YES;
				CLANG_WARN_CONSTANT_CONVERSION = YES;
				CLANG_WARN_DEPRECATED_OBJC_IMPLEMENTATIONS = YES;
				CLANG_WARN_DIRECT_OBJC_ISA_USAGE = YES_ERROR;
				CLANG_WARN_DOCUMENTATION_COMMENTS = YES;
				CLANG_WARN_EMPTY_BODY = YES;
				CLANG_WARN_ENUM_CONVERSION = YES;
				CLANG_WARN_INFINITE_RECURSION = YES;
				CLANG_WARN_INT_CONVERSION = YES;
				CLANG_WARN_NON_LITERAL_NULL_CONVERSION = YES;
				CLANG_WARN_OBJC_IMPLICIT_RETAIN_SELF = YES;
				CLANG_WARN_OBJC_LITERAL_CONVERSION = YES;
				CLANG_WARN_OBJC_ROOT_CLASS = YES_ERROR;
				CLANG_WARN_RANGE_LOOP_ANALYSIS = YES;
				CLANG_WARN_STRICT_PROTOTYPES = YES;
				CLANG_WARN_SUSPICIOUS_MOVE = YES;
				CLANG_WARN_UNGUARDED_AVAILABILITY = YES_AGGRESSIVE;
				CLANG_WARN_UNREACHABLE_CODE = YES;
				CLANG_WARN__DUPLICATE_METHOD_MATCH = YES;
				COPY_PHASE_STRIP = NO;
				DEBUG_INFORMATION_FORMAT = dwarf;
				ENABLE_STRICT_OBJC_MSGSEND = YES;
				ENABLE_TESTABILITY = YES;
				GCC_C_LANGUAGE_STANDARD = gnu11;
				GCC_DYNAMIC_NO_PIC = NO;
				GCC_NO_COMMON_BLOCKS = YES;
				GCC_OPTIMIZATION_LEVEL = 0;
				GCC_PREPROCESSOR_DEFINITIONS = (
					"DEBUG=1",
					"$(inherited)",
				);
				GCC_WARN_64_TO_32_BIT_CONVERSION = YES;
				GCC_WARN_ABOUT_RETURN_TYPE = YES_ERROR;
				GCC_WARN_UNDECLARED_SELECTOR = YES;
				GCC_WARN_UNINITIALIZED_AUTOS = YES_AGGRESSIVE;
				GCC_WARN_UNUSED_FUNCTION = YES;
				GCC_WARN_UNUSED_VARIABLE = YES;
				IPHONEOS_DEPLOYMENT_TARGET = 13.6;
				MTL_ENABLE_DEBUG_INFO = INCLUDE_SOURCE;
				MTL_FAST_MATH = YES;
				ONLY_ACTIVE_ARCH = YES;
				SDKROOT = iphoneos;
				SWIFT_ACTIVE_COMPILATION_CONDITIONS = DEBUG;
				SWIFT_OPTIMIZATION_LEVEL = "-Onone";
			};
			name = Debug;
		};
		2C7552412510775400D8238C /* Release */ = {
			isa = XCBuildConfiguration;
			buildSettings = {
				ALWAYS_SEARCH_USER_PATHS = NO;
				CLANG_ANALYZER_NONNULL = YES;
				CLANG_ANALYZER_NUMBER_OBJECT_CONVERSION = YES_AGGRESSIVE;
				CLANG_CXX_LANGUAGE_STANDARD = "gnu++14";
				CLANG_CXX_LIBRARY = "libc++";
				CLANG_ENABLE_MODULES = YES;
				CLANG_ENABLE_OBJC_ARC = YES;
				CLANG_ENABLE_OBJC_WEAK = YES;
				CLANG_WARN_BLOCK_CAPTURE_AUTORELEASING = YES;
				CLANG_WARN_BOOL_CONVERSION = YES;
				CLANG_WARN_COMMA = YES;
				CLANG_WARN_CONSTANT_CONVERSION = YES;
				CLANG_WARN_DEPRECATED_OBJC_IMPLEMENTATIONS = YES;
				CLANG_WARN_DIRECT_OBJC_ISA_USAGE = YES_ERROR;
				CLANG_WARN_DOCUMENTATION_COMMENTS = YES;
				CLANG_WARN_EMPTY_BODY = YES;
				CLANG_WARN_ENUM_CONVERSION = YES;
				CLANG_WARN_INFINITE_RECURSION = YES;
				CLANG_WARN_INT_CONVERSION = YES;
				CLANG_WARN_NON_LITERAL_NULL_CONVERSION = YES;
				CLANG_WARN_OBJC_IMPLICIT_RETAIN_SELF = YES;
				CLANG_WARN_OBJC_LITERAL_CONVERSION = YES;
				CLANG_WARN_OBJC_ROOT_CLASS = YES_ERROR;
				CLANG_WARN_RANGE_LOOP_ANALYSIS = YES;
				CLANG_WARN_STRICT_PROTOTYPES = YES;
				CLANG_WARN_SUSPICIOUS_MOVE = YES;
				CLANG_WARN_UNGUARDED_AVAILABILITY = YES_AGGRESSIVE;
				CLANG_WARN_UNREACHABLE_CODE = YES;
				CLANG_WARN__DUPLICATE_METHOD_MATCH = YES;
				COPY_PHASE_STRIP = NO;
				DEBUG_INFORMATION_FORMAT = "dwarf-with-dsym";
				ENABLE_NS_ASSERTIONS = NO;
				ENABLE_STRICT_OBJC_MSGSEND = YES;
				GCC_C_LANGUAGE_STANDARD = gnu11;
				GCC_NO_COMMON_BLOCKS = YES;
				GCC_WARN_64_TO_32_BIT_CONVERSION = YES;
				GCC_WARN_ABOUT_RETURN_TYPE = YES_ERROR;
				GCC_WARN_UNDECLARED_SELECTOR = YES;
				GCC_WARN_UNINITIALIZED_AUTOS = YES_AGGRESSIVE;
				GCC_WARN_UNUSED_FUNCTION = YES;
				GCC_WARN_UNUSED_VARIABLE = YES;
				IPHONEOS_DEPLOYMENT_TARGET = 13.6;
				MTL_ENABLE_DEBUG_INFO = NO;
				MTL_FAST_MATH = YES;
				SDKROOT = iphoneos;
				SWIFT_COMPILATION_MODE = wholemodule;
				SWIFT_OPTIMIZATION_LEVEL = "-O";
				VALIDATE_PRODUCT = YES;
			};
			name = Release;
		};
		2C7552432510775400D8238C /* Debug */ = {
			isa = XCBuildConfiguration;
			buildSettings = {
				ASSETCATALOG_COMPILER_APPICON_NAME = AppIcon;
				CODE_SIGN_STYLE = Automatic;
				INFOPLIST_FILE = SpotiFav/Info.plist;
				LD_RUNPATH_SEARCH_PATHS = (
					"$(inherited)",
					"@executable_path/Frameworks",
				);
				PRODUCT_BUNDLE_IDENTIFIER = com.caomai.SpotiFav;
				PRODUCT_NAME = "$(TARGET_NAME)";
				SWIFT_VERSION = 5.0;
				TARGETED_DEVICE_FAMILY = "1,2";
			};
			name = Debug;
		};
		2C7552442510775400D8238C /* Release */ = {
			isa = XCBuildConfiguration;
			buildSettings = {
				ASSETCATALOG_COMPILER_APPICON_NAME = AppIcon;
				CODE_SIGN_STYLE = Automatic;
				INFOPLIST_FILE = SpotiFav/Info.plist;
				LD_RUNPATH_SEARCH_PATHS = (
					"$(inherited)",
					"@executable_path/Frameworks",
				);
				PRODUCT_BUNDLE_IDENTIFIER = com.caomai.SpotiFav;
				PRODUCT_NAME = "$(TARGET_NAME)";
				SWIFT_VERSION = 5.0;
				TARGETED_DEVICE_FAMILY = "1,2";
			};
			name = Release;
		};
/* End XCBuildConfiguration section */

/* Begin XCConfigurationList section */
		2C7552292510775200D8238C /* Build configuration list for PBXProject "SpotiFav" */ = {
			isa = XCConfigurationList;
			buildConfigurations = (
				2C7552402510775400D8238C /* Debug */,
				2C7552412510775400D8238C /* Release */,
			);
			defaultConfigurationIsVisible = 0;
			defaultConfigurationName = Release;
		};
		2C7552422510775400D8238C /* Build configuration list for PBXNativeTarget "SpotiFav" */ = {
			isa = XCConfigurationList;
			buildConfigurations = (
				2C7552432510775400D8238C /* Debug */,
				2C7552442510775400D8238C /* Release */,
			);
			defaultConfigurationIsVisible = 0;
			defaultConfigurationName = Release;
		};
/* End XCConfigurationList section */

/* Begin XCRemoteSwiftPackageReference section */
		2CBEFF76251DB051000DDBD1 /* XCRemoteSwiftPackageReference "Kingfisher" */ = {
			isa = XCRemoteSwiftPackageReference;
			repositoryURL = "https://github.com/onevcat/Kingfisher.git";
			requirement = {
				kind = upToNextMajorVersion;
				minimumVersion = 5.15.4;
			};
		};
/* End XCRemoteSwiftPackageReference section */

/* Begin XCSwiftPackageProductDependency section */
		2CBEFF77251DB051000DDBD1 /* Kingfisher */ = {
			isa = XCSwiftPackageProductDependency;
			package = 2CBEFF76251DB051000DDBD1 /* XCRemoteSwiftPackageReference "Kingfisher" */;
			productName = Kingfisher;
		};
/* End XCSwiftPackageProductDependency section */
	};
	rootObject = 2C7552262510775200D8238C /* Project object */;
}
